
Microsoft Visual Studio Solution File, Format Version 12.00
# Visual Studio Version 16
VisualStudioVersion = 16.0.30114.105
MinimumVisualStudioVersion = 10.0.40219.1
Project("{FAE04EC0-301F-11D3-BF4B-00C04F79EFBC}") = "MaterialDialogs.Color", "MaterialDialogs.Color\MaterialDialogs.Color.csproj", "{336B52BD-009C-4F52-A368-91C02F8DAE5A}"
EndProject
Project("{FAE04EC0-301F-11D3-BF4B-00C04F79EFBC}") = "MaterialDialogs.Core", "MaterialDialogs.Core\MaterialDialogs.Core.csproj", "{5157F46F-43DB-454F-9D85-193180580CAD}"
EndProject
Project("{FAE04EC0-301F-11D3-BF4B-00C04F79EFBC}") = "MaterialDialogs.Input", "MaterialDialogs.Input\MaterialDialogs.Input.csproj", "{38488D03-FB77-417D-89AA-F568B1910740}"
EndProject
Project("{FAE04EC0-301F-11D3-BF4B-00C04F79EFBC}") = "MaterialDialogs.DateTime", "MaterialDialogs.DateTime\MaterialDialogs.DateTime.csproj", "{648F403B-1710-42BF-8E79-B0B7B0F66E5B}"
EndProject
Global
	GlobalSection(SolutionConfigurationPlatforms) = preSolution
		Debug|Any CPU = Debug|Any CPU
		Release|Any CPU = Release|Any CPU
	EndGlobalSection
	GlobalSection(ProjectConfigurationPlatforms) = postSolution
		{336B52BD-009C-4F52-A368-91C02F8DAE5A}.Debug|Any CPU.ActiveCfg = Debug|Any CPU
		{336B52BD-009C-4F52-A368-91C02F8DAE5A}.Debug|Any CPU.Build.0 = Debug|Any CPU
		{336B52BD-009C-4F52-A368-91C02F8DAE5A}.Release|Any CPU.ActiveCfg = Release|Any CPU
		{336B52BD-009C-4F52-A368-91C02F8DAE5A}.Release|Any CPU.Build.0 = Release|Any CPU
		{5157F46F-43DB-454F-9D85-193180580CAD}.Debug|Any CPU.ActiveCfg = Debug|Any CPU
		{5157F46F-43DB-454F-9D85-193180580CAD}.Debug|Any CPU.Build.0 = Debug|Any CPU
		{5157F46F-43DB-454F-9D85-193180580CAD}.Release|Any CPU.ActiveCfg = Release|Any CPU
		{5157F46F-43DB-454F-9D85-193180580CAD}.Release|Any CPU.Build.0 = Release|Any CPU
		{38488D03-FB77-417D-89AA-F568B1910740}.Debug|Any CPU.ActiveCfg = Debug|Any CPU
		{38488D03-FB77-417D-89AA-F568B1910740}.Debug|Any CPU.Build.0 = Debug|Any CPU
		{38488D03-FB77-417D-89AA-F568B1910740}.Release|Any CPU.ActiveCfg = Release|Any CPU
		{38488D03-FB77-417D-89AA-F568B1910740}.Release|Any CPU.Build.0 = Release|Any CPU
		{648F403B-1710-42BF-8E79-B0B7B0F66E5B}.Debug|Any CPU.ActiveCfg = Debug|Any CPU
		{648F403B-1710-42BF-8E79-B0B7B0F66E5B}.Debug|Any CPU.Build.0 = Debug|Any CPU
		{648F403B-1710-42BF-8E79-B0B7B0F66E5B}.Release|Any CPU.ActiveCfg = Release|Any CPU
		{648F403B-1710-42BF-8E79-B0B7B0F66E5B}.Release|Any CPU.Build.0 = Release|Any CPU
	EndGlobalSection
	GlobalSection(SolutionProperties) = preSolution
		HideSolutionNode = FALSE
	EndGlobalSection
	GlobalSection(ExtensibilityGlobals) = postSolution
		SolutionGuid = {C0EF6A0C-DE82-466F-B1A2-37130D3FCBC4}
	EndGlobalSection
EndGlobal
